// !$*UTF8*$!
{
	archiveVersion = 1;
	classes = {
	};
	objectVersion = 77;
	objects = {

/* Begin PBXBuildFile section */
		01769AD4BB74E2E7AA1FF902 /* ProductDetailsUIState.swift in Sources */ = {isa = PBXBuildFile; fileRef = 56AA1DF7958E8267FA8FE054 /* ProductDetailsUIState.swift */; };
		060F437C2430F3090B319BA3 /* SearchUIState.swift in Sources */ = {isa = PBXBuildFile; fileRef = 5ADC63052FEAC13E05F809C0 /* SearchUIState.swift */; };
		1EB3F816DFB168E0700C84CA /* LoginUIState.swift in Sources */ = {isa = PBXBuildFile; fileRef = B7E5811F96A464713630C87C /* LoginUIState.swift */; };
		45650F8114881184C84C6DC8 /* PaymentUIState.swift in Sources */ = {isa = PBXBuildFile; fileRef = A854F44458139F376DD9B9EF /* PaymentUIState.swift */; };
		4C15AC245525EBB0589387B0 /* SettingsUIState.swift in Sources */ = {isa = PBXBuildFile; fileRef = 3EDC079065D27E7E3E2C94E3 /* SettingsUIState.swift */; };
		5690D3AD22C37A8D652AA332 /* CollectionUIState.swift in Sources */ = {isa = PBXBuildFile; fileRef = E5DA55C0AA158361D8845A0F /* CollectionUIState.swift */; };
		6C9CA9F059CA67B6A6CC64EE /* CartUIState.swift in Sources */ = {isa = PBXBuildFile; fileRef = 9761E3913C54E647D1531E24 /* CartUIState.swift */; };
		6D6FCC222FF2531B00A82A9C /* (null) in Frameworks */ = {isa = PBXBuildFile; };
		6D6FCC242FF2533100A82A9C /* Kingfisher in Frameworks */ = {isa = PBXBuildFile; productRef = 6D6FCC232FF2533100A82A9C /* Kingfisher */; };
		6D6FFBF32FFDCB2900B1D298 /* GoogleSignIn in Frameworks */ = {isa = PBXBuildFile; productRef = 6D6FFBF22FFDCB2900B1D298 /* GoogleSignIn */; };
		6D6FFBF52FFDCB2900B1D298 /* GoogleSignInSwift in Frameworks */ = {isa = PBXBuildFile; productRef = 6D6FFBF42FFDCB2900B1D298 /* GoogleSignInSwift */; };
		6EE60C92936E18FF8698D684 /* SignupUIState.swift in Sources */ = {isa = PBXBuildFile; fileRef = 6D569732E13915936226E79E /* SignupUIState.swift */; };
		6FC1DB9C2FFC6B370020A6F3 /* PaymobSDK.xcframework in Frameworks */ = {isa = PBXBuildFile; fileRef = 6FC1DB9A2FFC6A550020A6F3 /* PaymobSDK.xcframework */; };
		6FC1DB9D2FFC6B370020A6F3 /* PaymobSDK.xcframework in Embed Frameworks */ = {isa = PBXBuildFile; fileRef = 6FC1DB9A2FFC6A550020A6F3 /* PaymobSDK.xcframework */; settings = {ATTRIBUTES = (CodeSignOnCopy, RemoveHeadersOnCopy, ); }; };
		878A2BA28EDFDDD1316B55D3 /* OrdersUIState.swift in Sources */ = {isa = PBXBuildFile; fileRef = 174A2A94887D1B8FA8C5BFEF /* OrdersUIState.swift */; };
		9D3861692FF6B4180009D227 /* Alamofire in Frameworks */ = {isa = PBXBuildFile; productRef = 9D3861682FF6B4180009D227 /* Alamofire */; };
		A5AD074AFC94650CA927F6E5 /* AlertManager.swift in Sources */ = {isa = PBXBuildFile; fileRef = 7245612139294E9FD3F05B6E /* AlertManager.swift */; };
		B10B681AC88E4209DD45CB6C /* HomeUIState.swift in Sources */ = {isa = PBXBuildFile; fileRef = 50BEC29C9F76CFD70B120CF8 /* HomeUIState.swift */; };
		B361E8022FF520990008A453 /* FirebaseAnalytics in Frameworks */ = {isa = PBXBuildFile; productRef = B361E8012FF520990008A453 /* FirebaseAnalytics */; };
		B361E8042FF520A20008A453 /* FirebaseAuth in Frameworks */ = {isa = PBXBuildFile; productRef = B361E8032FF520A20008A453 /* FirebaseAuth */; };
		B38B80612FFD9D5400C2B131 /* GoogleGenerativeAI in Frameworks */ = {isa = PBXBuildFile; productRef = B38B80602FFD9D5400C2B131 /* GoogleGenerativeAI */; };
		BA10861FCDBDB9070CBBAE72 /* ProductUIState.swift in Sources */ = {isa = PBXBuildFile; fileRef = 89433D5089CEC6DC2AD67C36 /* ProductUIState.swift */; };
		C3138493CAA1798550537D94 /* ProfileUIState.swift in Sources */ = {isa = PBXBuildFile; fileRef = 53A5B0DC147FA35BE42B266F /* ProfileUIState.swift */; };
		D5BC667EF8E8E5E7E6779E3E /* FavoritesUIState.swift in Sources */ = {isa = PBXBuildFile; fileRef = D9F2B46E9AC65D05F51074DB /* FavoritesUIState.swift */; };
/* End PBXBuildFile section */

/* Begin PBXContainerItemProxy section */
		B3AEA0532FEFCC8500BE7867 /* PBXContainerItemProxy */ = {
			isa = PBXContainerItemProxy;
			containerPortal = B3AEA0382FEFCC8200BE7867 /* Project object */;
			proxyType = 1;
			remoteGlobalIDString = B3AEA03F2FEFCC8200BE7867;
			remoteInfo = "shopify-ecommerce-ios";
		};
		B3AEA05D2FEFCC8500BE7867 /* PBXContainerItemProxy */ = {
			isa = PBXContainerItemProxy;
			containerPortal = B3AEA0382FEFCC8200BE7867 /* Project object */;
			proxyType = 1;
			remoteGlobalIDString = B3AEA03F2FEFCC8200BE7867;
			remoteInfo = "shopify-ecommerce-ios";
		};
/* End PBXContainerItemProxy section */

/* Begin PBXCopyFilesBuildPhase section */
		6FC1DB9E2FFC6B370020A6F3 /* Embed Frameworks */ = {
			isa = PBXCopyFilesBuildPhase;
			buildActionMask = 2147483647;
			dstPath = "";
			dstSubfolderSpec = 10;
			files = (
				6FC1DB9D2FFC6B370020A6F3 /* PaymobSDK.xcframework in Embed Frameworks */,
			);
			name = "Embed Frameworks";
			runOnlyForDeploymentPostprocessing = 0;
		};
/* End PBXCopyFilesBuildPhase section */

/* Begin PBXFileReference section */
		174A2A94887D1B8FA8C5BFEF /* OrdersUIState.swift */ = {isa = PBXFileReference; includeInIndex = 1; lastKnownFileType = sourcecode.swift; path = OrdersUIState.swift; sourceTree = "<group>"; };
		3EDC079065D27E7E3E2C94E3 /* SettingsUIState.swift */ = {isa = PBXFileReference; includeInIndex = 1; lastKnownFileType = sourcecode.swift; path = SettingsUIState.swift; sourceTree = "<group>"; };
		50BEC29C9F76CFD70B120CF8 /* HomeUIState.swift */ = {isa = PBXFileReference; includeInIndex = 1; lastKnownFileType = sourcecode.swift; path = HomeUIState.swift; sourceTree = "<group>"; };
		53A5B0DC147FA35BE42B266F /* ProfileUIState.swift */ = {isa = PBXFileReference; includeInIndex = 1; lastKnownFileType = sourcecode.swift; path = ProfileUIState.swift; sourceTree = "<group>"; };
		56AA1DF7958E8267FA8FE054 /* ProductDetailsUIState.swift */ = {isa = PBXFileReference; includeInIndex = 1; lastKnownFileType = sourcecode.swift; path = ProductDetailsUIState.swift; sourceTree = "<group>"; };
		5ADC63052FEAC13E05F809C0 /* SearchUIState.swift */ = {isa = PBXFileReference; includeInIndex = 1; lastKnownFileType = sourcecode.swift; path = SearchUIState.swift; sourceTree = "<group>"; };
		6D569732E13915936226E79E /* SignupUIState.swift */ = {isa = PBXFileReference; includeInIndex = 1; lastKnownFileType = sourcecode.swift; path = SignupUIState.swift; sourceTree = "<group>"; };
		6FC1DB9A2FFC6A550020A6F3 /* PaymobSDK.xcframework */ = {isa = PBXFileReference; lastKnownFileType = wrapper.xcframework; path = PaymobSDK.xcframework; sourceTree = "<group>"; };
		7245612139294E9FD3F05B6E /* AlertManager.swift */ = {isa = PBXFileReference; includeInIndex = 1; lastKnownFileType = sourcecode.swift; path = AlertManager.swift; sourceTree = "<group>"; };
		89433D5089CEC6DC2AD67C36 /* ProductUIState.swift */ = {isa = PBXFileReference; includeInIndex = 1; lastKnownFileType = sourcecode.swift; path = ProductUIState.swift; sourceTree = "<group>"; };
		9761E3913C54E647D1531E24 /* CartUIState.swift */ = {isa = PBXFileReference; includeInIndex = 1; lastKnownFileType = sourcecode.swift; path = CartUIState.swift; sourceTree = "<group>"; };
		A854F44458139F376DD9B9EF /* PaymentUIState.swift */ = {isa = PBXFileReference; includeInIndex = 1; lastKnownFileType = sourcecode.swift; path = PaymentUIState.swift; sourceTree = "<group>"; };
		B3AEA0402FEFCC8200BE7867 /* shopify-ecommerce-ios.app */ = {isa = PBXFileReference; explicitFileType = wrapper.application; includeInIndex = 0; path = "shopify-ecommerce-ios.app"; sourceTree = BUILT_PRODUCTS_DIR; };
		B3AEA0522FEFCC8500BE7867 /* shopify-ecommerce-iosTests.xctest */ = {isa = PBXFileReference; explicitFileType = wrapper.cfbundle; includeInIndex = 0; path = "shopify-ecommerce-iosTests.xctest"; sourceTree = BUILT_PRODUCTS_DIR; };
		B3AEA05C2FEFCC8500BE7867 /* shopify-ecommerce-iosUITests.xctest */ = {isa = PBXFileReference; explicitFileType = wrapper.cfbundle; includeInIndex = 0; path = "shopify-ecommerce-iosUITests.xctest"; sourceTree = BUILT_PRODUCTS_DIR; };
		B7E5811F96A464713630C87C /* LoginUIState.swift */ = {isa = PBXFileReference; includeInIndex = 1; lastKnownFileType = sourcecode.swift; path = LoginUIState.swift; sourceTree = "<group>"; };
		D9F2B46E9AC65D05F51074DB /* FavoritesUIState.swift */ = {isa = PBXFileReference; includeInIndex = 1; lastKnownFileType = sourcecode.swift; path = FavoritesUIState.swift; sourceTree = "<group>"; };
		E5DA55C0AA158361D8845A0F /* CollectionUIState.swift */ = {isa = PBXFileReference; includeInIndex = 1; lastKnownFileType = sourcecode.swift; path = CollectionUIState.swift; sourceTree = "<group>"; };
/* End PBXFileReference section */

/* Begin PBXFileSystemSynchronizedBuildFileExceptionSet section */
		B3171CC62FF556E300F54964 /* Exceptions for "shopify-ecommerce-ios" folder in "shopify-ecommerce-ios" target */ = {
			isa = PBXFileSystemSynchronizedBuildFileExceptionSet;
			membershipExceptions = (
				Info.plist,
			);
			target = B3AEA03F2FEFCC8200BE7867 /* shopify-ecommerce-ios */;
		};
/* End PBXFileSystemSynchronizedBuildFileExceptionSet section */

/* Begin PBXFileSystemSynchronizedRootGroup section */
		B3AEA0422FEFCC8200BE7867 /* shopify-ecommerce-ios */ = {
			isa = PBXFileSystemSynchronizedRootGroup;
			exceptions = (
				B3171CC62FF556E300F54964 /* Exceptions for "shopify-ecommerce-ios" folder in "shopify-ecommerce-ios" target */,
			);
			path = "shopify-ecommerce-ios";
			sourceTree = "<group>";
		};
		B3AEA0552FEFCC8500BE7867 /* shopify-ecommerce-iosTests */ = {
			isa = PBXFileSystemSynchronizedRootGroup;
			path = "shopify-ecommerce-iosTests";
			sourceTree = "<group>";
		};
		B3AEA05F2FEFCC8500BE7867 /* shopify-ecommerce-iosUITests */ = {
			isa = PBXFileSystemSynchronizedRootGroup;
			path = "shopify-ecommerce-iosUITests";
			sourceTree = "<group>";
		};
/* End PBXFileSystemSynchronizedRootGroup section */

/* Begin PBXFrameworksBuildPhase section */
		B3AEA03D2FEFCC8200BE7867 /* Frameworks */ = {
			isa = PBXFrameworksBuildPhase;
			buildActionMask = 2147483647;
			files = (
				9D3861692FF6B4180009D227 /* Alamofire in Frameworks */,
				6D6FCC242FF2533100A82A9C /* Kingfisher in Frameworks */,
				6D6FFBF52FFDCB2900B1D298 /* GoogleSignInSwift in Frameworks */,
				6FC1DB9C2FFC6B370020A6F3 /* PaymobSDK.xcframework in Frameworks */,
				6D6FCC222FF2531B00A82A9C /* (null) in Frameworks */,
				B38B80612FFD9D5400C2B131 /* GoogleGenerativeAI in Frameworks */,
				B361E8022FF520990008A453 /* FirebaseAnalytics in Frameworks */,
				B361E8042FF520A20008A453 /* FirebaseAuth in Frameworks */,
				6D6FFBF32FFDCB2900B1D298 /* GoogleSignIn in Frameworks */,
			);
			runOnlyForDeploymentPostprocessing = 0;
		};
		B3AEA04F2FEFCC8500BE7867 /* Frameworks */ = {
			isa = PBXFrameworksBuildPhase;
			buildActionMask = 2147483647;
			files = (
			);
			runOnlyForDeploymentPostprocessing = 0;
		};
		B3AEA0592FEFCC8500BE7867 /* Frameworks */ = {
			isa = PBXFrameworksBuildPhase;
			buildActionMask = 2147483647;
			files = (
			);
			runOnlyForDeploymentPostprocessing = 0;
		};
/* End PBXFrameworksBuildPhase section */

/* Begin PBXGroup section */
		511CF5B2B6D03A7D109A4A93 /* Core */ = {
			isa = PBXGroup;
			children = (
				B32744653095DFDE0BAB57A5 /* helper */,
			);
			path = Core;
			sourceTree = "<group>";
		};
		7B6D70B1EF256CD997109197 /* UIState */ = {
			isa = PBXGroup;
			children = (
				50BEC29C9F76CFD70B120CF8 /* HomeUIState.swift */,
				E5DA55C0AA158361D8845A0F /* CollectionUIState.swift */,
				9761E3913C54E647D1531E24 /* CartUIState.swift */,
				D9F2B46E9AC65D05F51074DB /* FavoritesUIState.swift */,
				89433D5089CEC6DC2AD67C36 /* ProductUIState.swift */,
				A854F44458139F376DD9B9EF /* PaymentUIState.swift */,
				5ADC63052FEAC13E05F809C0 /* SearchUIState.swift */,
				53A5B0DC147FA35BE42B266F /* ProfileUIState.swift */,
				56AA1DF7958E8267FA8FE054 /* ProductDetailsUIState.swift */,
				174A2A94887D1B8FA8C5BFEF /* OrdersUIState.swift */,
				6D569732E13915936226E79E /* SignupUIState.swift */,
				B7E5811F96A464713630C87C /* LoginUIState.swift */,
				3EDC079065D27E7E3E2C94E3 /* SettingsUIState.swift */,
			);
			path = UIState;
			sourceTree = "<group>";
		};
		89C03AA4C35A5D8B5477D4B8 /* scene */ = {
			isa = PBXGroup;
			children = (
				7B6D70B1EF256CD997109197 /* UIState */,
			);
			path = scene;
			sourceTree = "<group>";
		};
		B32744653095DFDE0BAB57A5 /* helper */ = {
			isa = PBXGroup;
			children = (
				7245612139294E9FD3F05B6E /* AlertManager.swift */,
			);
			path = helper;
			sourceTree = "<group>";
		};
		B361E8002FF520990008A453 /* Frameworks */ = {
			isa = PBXGroup;
			children = (
			);
			name = Frameworks;
			sourceTree = "<group>";
		};
		B3AEA0372FEFCC8200BE7867 = {
			isa = PBXGroup;
			children = (
				B3AEA0422FEFCC8200BE7867 /* shopify-ecommerce-ios */,
				B3AEA0552FEFCC8500BE7867 /* shopify-ecommerce-iosTests */,
				B3AEA05F2FEFCC8500BE7867 /* shopify-ecommerce-iosUITests */,
				C5F8D4952FF3F8C800E68249 /* Frameworks */,
				B3AEA0412FEFCC8200BE7867 /* Products */,
				B361E8002FF520990008A453 /* Frameworks */,
				6FC1DB9A2FFC6A550020A6F3 /* PaymobSDK.xcframework */,
				B5156E2B9D2F4EF90FDB7D79 /* shopify-ecommerce-ios */,
			);
			sourceTree = "<group>";
		};
		B3AEA0412FEFCC8200BE7867 /* Products */ = {
			isa = PBXGroup;
			children = (
				B3AEA0402FEFCC8200BE7867 /* shopify-ecommerce-ios.app */,
				B3AEA0522FEFCC8500BE7867 /* shopify-ecommerce-iosTests.xctest */,
				B3AEA05C2FEFCC8500BE7867 /* shopify-ecommerce-iosUITests.xctest */,
			);
			name = Products;
			sourceTree = "<group>";
		};
		B5156E2B9D2F4EF90FDB7D79 /* shopify-ecommerce-ios */ = {
			isa = PBXGroup;
			children = (
				511CF5B2B6D03A7D109A4A93 /* Core */,
				89C03AA4C35A5D8B5477D4B8 /* scene */,
			);
			path = "shopify-ecommerce-ios";
			sourceTree = "<group>";
		};
		C5F8D4952FF3F8C800E68249 /* Frameworks */ = {
			isa = PBXGroup;
			children = (
			);
			name = Frameworks;
			sourceTree = "<group>";
		};
/* End PBXGroup section */

/* Begin PBXNativeTarget section */
		B3AEA03F2FEFCC8200BE7867 /* shopify-ecommerce-ios */ = {
			isa = PBXNativeTarget;
			buildConfigurationList = B3AEA0662FEFCC8500BE7867 /* Build configuration list for PBXNativeTarget "shopify-ecommerce-ios" */;
			buildPhases = (
				B3AEA03C2FEFCC8200BE7867 /* Sources */,
				B3AEA03D2FEFCC8200BE7867 /* Frameworks */,
				B3AEA03E2FEFCC8200BE7867 /* Resources */,
				6FC1DB9E2FFC6B370020A6F3 /* Embed Frameworks */,
			);
			buildRules = (
			);
			dependencies = (
			);
			fileSystemSynchronizedGroups = (
				B3AEA0422FEFCC8200BE7867 /* shopify-ecommerce-ios */,
			);
			name = "shopify-ecommerce-ios";
			packageProductDependencies = (
				6D6FCC232FF2533100A82A9C /* Kingfisher */,
				B361E8012FF520990008A453 /* FirebaseAnalytics */,
				B361E8032FF520A20008A453 /* FirebaseAuth */,
				9D3861682FF6B4180009D227 /* Alamofire */,
				B38B80602FFD9D5400C2B131 /* GoogleGenerativeAI */,
				6D6FFBF22FFDCB2900B1D298 /* GoogleSignIn */,
				6D6FFBF42FFDCB2900B1D298 /* GoogleSignInSwift */,
			);
			productName = "shopify-ecommerce-ios";
			productReference = B3AEA0402FEFCC8200BE7867 /* shopify-ecommerce-ios.app */;
			productType = "com.apple.product-type.application";
		};
		B3AEA0512FEFCC8500BE7867 /* shopify-ecommerce-iosTests */ = {
			isa = PBXNativeTarget;
			buildConfigurationList = B3AEA0692FEFCC8500BE7867 /* Build configuration list for PBXNativeTarget "shopify-ecommerce-iosTests" */;
			buildPhases = (
				B3AEA04E2FEFCC8500BE7867 /* Sources */,
				B3AEA04F2FEFCC8500BE7867 /* Frameworks */,
				B3AEA0502FEFCC8500BE7867 /* Resources */,
			);
			buildRules = (
			);
			dependencies = (
				B3AEA0542FEFCC8500BE7867 /* PBXTargetDependency */,
			);
			fileSystemSynchronizedGroups = (
				B3AEA0552FEFCC8500BE7867 /* shopify-ecommerce-iosTests */,
			);
			name = "shopify-ecommerce-iosTests";
			productName = "shopify-ecommerce-iosTests";
			productReference = B3AEA0522FEFCC8500BE7867 /* shopify-ecommerce-iosTests.xctest */;
			productType = "com.apple.product-type.bundle.unit-test";
		};
		B3AEA05B2FEFCC8500BE7867 /* shopify-ecommerce-iosUITests */ = {
			isa = PBXNativeTarget;
			buildConfigurationList = B3AEA06C2FEFCC8500BE7867 /* Build configuration list for PBXNativeTarget "shopify-ecommerce-iosUITests" */;
			buildPhases = (
				B3AEA0582FEFCC8500BE7867 /* Sources */,
				B3AEA0592FEFCC8500BE7867 /* Frameworks */,
				B3AEA05A2FEFCC8500BE7867 /* Resources */,
			);
			buildRules = (
			);
			dependencies = (
				B3AEA05E2FEFCC8500BE7867 /* PBXTargetDependency */,
			);
			fileSystemSynchronizedGroups = (
				B3AEA05F2FEFCC8500BE7867 /* shopify-ecommerce-iosUITests */,
			);
			name = "shopify-ecommerce-iosUITests";
			productName = "shopify-ecommerce-iosUITests";
			productReference = B3AEA05C2FEFCC8500BE7867 /* shopify-ecommerce-iosUITests.xctest */;
			productType = "com.apple.product-type.bundle.ui-testing";
		};
/* End PBXNativeTarget section */

/* Begin PBXProject section */
		B3AEA0382FEFCC8200BE7867 /* Project object */ = {
			isa = PBXProject;
			attributes = {
				BuildIndependentTargetsInParallel = 1;
				LastSwiftUpdateCheck = 1610;
				LastUpgradeCheck = 1610;
				TargetAttributes = {
					B3AEA03F2FEFCC8200BE7867 = {
						CreatedOnToolsVersion = 16.1;
					};
					B3AEA0512FEFCC8500BE7867 = {
						CreatedOnToolsVersion = 16.1;
						TestTargetID = B3AEA03F2FEFCC8200BE7867;
					};
					B3AEA05B2FEFCC8500BE7867 = {
						CreatedOnToolsVersion = 16.1;
						TestTargetID = B3AEA03F2FEFCC8200BE7867;
					};
				};
			};
			buildConfigurationList = B3AEA03B2FEFCC8200BE7867 /* Build configuration list for PBXProject "shopify-ecommerce-ios" */;
			developmentRegion = en;
			hasScannedForEncodings = 0;
			knownRegions = (
				en,
				Base,
			);
			mainGroup = B3AEA0372FEFCC8200BE7867;
			minimizedProjectReferenceProxies = 1;
			packageReferences = (
				B3C7A3F92FEFD356004F3F62 /* XCRemoteSwiftPackageReference "Alamofire" */,
				B3C7A3FA2FEFD375004F3F62 /* XCRemoteSwiftPackageReference "Kingfisher" */,
				B361E7FF2FF520190008A453 /* XCRemoteSwiftPackageReference "firebase-ios-sdk" */,
				B38B80492FFD9B8700C2B131 /* XCRemoteSwiftPackageReference "generative-ai-swift" */,
				6D6FFBF12FFDCB2900B1D298 /* XCRemoteSwiftPackageReference "GoogleSignIn-iOS" */,
			);
			preferredProjectObjectVersion = 77;
			productRefGroup = B3AEA0412FEFCC8200BE7867 /* Products */;
			projectDirPath = "";
			projectRoot = "";
			targets = (
				B3AEA03F2FEFCC8200BE7867 /* shopify-ecommerce-ios */,
				B3AEA0512FEFCC8500BE7867 /* shopify-ecommerce-iosTests */,
				B3AEA05B2FEFCC8500BE7867 /* shopify-ecommerce-iosUITests */,
			);
		};
/* End PBXProject section */

/* Begin PBXResourcesBuildPhase section */
		B3AEA03E2FEFCC8200BE7867 /* Resources */ = {
			isa = PBXResourcesBuildPhase;
			buildActionMask = 2147483647;
			files = (
			);
			runOnlyForDeploymentPostprocessing = 0;
		};
		B3AEA0502FEFCC8500BE7867 /* Resources */ = {
			isa = PBXResourcesBuildPhase;
			buildActionMask = 2147483647;
			files = (
			);
			runOnlyForDeploymentPostprocessing = 0;
		};
		B3AEA05A2FEFCC8500BE7867 /* Resources */ = {
			isa = PBXResourcesBuildPhase;
			buildActionMask = 2147483647;
			files = (
			);
			runOnlyForDeploymentPostprocessing = 0;
		};
/* End PBXResourcesBuildPhase section */

/* Begin PBXSourcesBuildPhase section */
		B3AEA03C2FEFCC8200BE7867 /* Sources */ = {
			isa = PBXSourcesBuildPhase;
			buildActionMask = 2147483647;
			files = (
				A5AD074AFC94650CA927F6E5 /* AlertManager.swift in Sources */,
				B10B681AC88E4209DD45CB6C /* HomeUIState.swift in Sources */,
				5690D3AD22C37A8D652AA332 /* CollectionUIState.swift in Sources */,
				6C9CA9F059CA67B6A6CC64EE /* CartUIState.swift in Sources */,
				D5BC667EF8E8E5E7E6779E3E /* FavoritesUIState.swift in Sources */,
				BA10861FCDBDB9070CBBAE72 /* ProductUIState.swift in Sources */,
				45650F8114881184C84C6DC8 /* PaymentUIState.swift in Sources */,
				060F437C2430F3090B319BA3 /* SearchUIState.swift in Sources */,
				C3138493CAA1798550537D94 /* ProfileUIState.swift in Sources */,
				01769AD4BB74E2E7AA1FF902 /* ProductDetailsUIState.swift in Sources */,
				878A2BA28EDFDDD1316B55D3 /* OrdersUIState.swift in Sources */,
				6EE60C92936E18FF8698D684 /* SignupUIState.swift in Sources */,
				1EB3F816DFB168E0700C84CA /* LoginUIState.swift in Sources */,
				4C15AC245525EBB0589387B0 /* SettingsUIState.swift in Sources */,
			);
			runOnlyForDeploymentPostprocessing = 0;
		};
		B3AEA04E2FEFCC8500BE7867 /* Sources */ = {
			isa = PBXSourcesBuildPhase;
			buildActionMask = 2147483647;
			files = (
			);
			runOnlyForDeploymentPostprocessing = 0;
		};
		B3AEA0582FEFCC8500BE7867 /* Sources */ = {
			isa = PBXSourcesBuildPhase;
			buildActionMask = 2147483647;
			files = (
			);
			runOnlyForDeploymentPostprocessing = 0;
		};
/* End PBXSourcesBuildPhase section */

/* Begin PBXTargetDependency section */
		B3AEA0542FEFCC8500BE7867 /* PBXTargetDependency */ = {
			isa = PBXTargetDependency;
			target = B3AEA03F2FEFCC8200BE7867 /* shopify-ecommerce-ios */;
			targetProxy = B3AEA0532FEFCC8500BE7867 /* PBXContainerItemProxy */;
		};
		B3AEA05E2FEFCC8500BE7867 /* PBXTargetDependency */ = {
			isa = PBXTargetDependency;
			target = B3AEA03F2FEFCC8200BE7867 /* shopify-ecommerce-ios */;
			targetProxy = B3AEA05D2FEFCC8500BE7867 /* PBXContainerItemProxy */;
		};
/* End PBXTargetDependency section */

/* Begin XCBuildConfiguration section */
		B3AEA0642FEFCC8500BE7867 /* Debug */ = {
			isa = XCBuildConfiguration;
			baseConfigurationReferenceAnchor = B3AEA0422FEFCC8200BE7867 /* shopify-ecommerce-ios */;
			baseConfigurationReferenceRelativePath = Secrets.xcconfig;
			buildSettings = {
				ALWAYS_SEARCH_USER_PATHS = NO;
				ASSETCATALOG_COMPILER_GENERATE_SWIFT_ASSET_SYMBOL_EXTENSIONS = YES;
				CLANG_ANALYZER_NONNULL = YES;
				CLANG_ANALYZER_NUMBER_OBJECT_CONVERSION = YES_AGGRESSIVE;
				CLANG_CXX_LANGUAGE_STANDARD = "gnu++20";
				CLANG_ENABLE_MODULES = YES;
				CLANG_ENABLE_OBJC_ARC = YES;
				CLANG_ENABLE_OBJC_WEAK = YES;
				CLANG_WARN_BLOCK_CAPTURE_AUTORELEASING = YES;
				CLANG_WARN_BOOL_CONVERSION = YES;
				CLANG_WARN_COMMA = YES;
				CLANG_WARN_CONSTANT_CONVERSION = YES;
				CLANG_WARN_DEPRECATED_OBJC_IMPLEMENTATIONS = YES;
				CLANG_WARN_DIRECT_OBJC_ISA_USAGE = YES_ERROR;
				CLANG_WARN_DOCUMENTATION_COMMENTS = YES;
				CLANG_WARN_EMPTY_BODY = YES;
				CLANG_WARN_ENUM_CONVERSION = YES;
				CLANG_WARN_INFINITE_RECURSION = YES;
				CLANG_WARN_INT_CONVERSION = YES;
				CLANG_WARN_NON_LITERAL_NULL_CONVERSION = YES;
				CLANG_WARN_OBJC_IMPLICIT_RETAIN_SELF = YES;
				CLANG_WARN_OBJC_LITERAL_CONVERSION = YES;
				CLANG_WARN_OBJC_ROOT_CLASS = YES_ERROR;
				CLANG_WARN_QUOTED_INCLUDE_IN_FRAMEWORK_HEADER = YES;
				CLANG_WARN_RANGE_LOOP_ANALYSIS = YES;
				CLANG_WARN_STRICT_PROTOTYPES = YES;
				CLANG_WARN_SUSPICIOUS_MOVE = YES;
				CLANG_WARN_UNGUARDED_AVAILABILITY = YES_AGGRESSIVE;
				CLANG_WARN_UNREACHABLE_CODE = YES;
				CLANG_WARN__DUPLICATE_METHOD_MATCH = YES;
				COPY_PHASE_STRIP = NO;
				DEBUG_INFORMATION_FORMAT = dwarf;
				ENABLE_STRICT_OBJC_MSGSEND = YES;
				ENABLE_TESTABILITY = YES;
				ENABLE_USER_SCRIPT_SANDBOXING = YES;
				GCC_C_LANGUAGE_STANDARD = gnu17;
				GCC_DYNAMIC_NO_PIC = NO;
				GCC_NO_COMMON_BLOCKS = YES;
				GCC_OPTIMIZATION_LEVEL = 0;
				GCC_PREPROCESSOR_DEFINITIONS = (
					"DEBUG=1",
					"$(inherited)",
				);
				GCC_WARN_64_TO_32_BIT_CONVERSION = YES;
				GCC_WARN_ABOUT_RETURN_TYPE = YES_ERROR;
				GCC_WARN_UNDECLARED_SELECTOR = YES;
				GCC_WARN_UNINITIALIZED_AUTOS = YES_AGGRESSIVE;
				GCC_WARN_UNUSED_FUNCTION = YES;
				GCC_WARN_UNUSED_VARIABLE = YES;
				GENERATE_INFOPLIST_FILE = NO;
				IPHONEOS_DEPLOYMENT_TARGET = 18.1;
				LOCALIZATION_PREFERS_STRING_CATALOGS = YES;
				MTL_ENABLE_DEBUG_INFO = INCLUDE_SOURCE;
				MTL_FAST_MATH = YES;
				ONLY_ACTIVE_ARCH = YES;
				SDKROOT = iphoneos;
				SWIFT_ACTIVE_COMPILATION_CONDITIONS = "DEBUG $(inherited)";
				SWIFT_OPTIMIZATION_LEVEL = "-Onone";
			};
			name = Debug;
		};
		B3AEA0652FEFCC8500BE7867 /* Release */ = {
			isa = XCBuildConfiguration;
			baseConfigurationReferenceAnchor = B3AEA0422FEFCC8200BE7867 /* shopify-ecommerce-ios */;
			baseConfigurationReferenceRelativePath = Secrets.xcconfig;
			buildSettings = {
				ALWAYS_SEARCH_USER_PATHS = NO;
				ASSETCATALOG_COMPILER_GENERATE_SWIFT_ASSET_SYMBOL_EXTENSIONS = YES;
				CLANG_ANALYZER_NONNULL = YES;
				CLANG_ANALYZER_NUMBER_OBJECT_CONVERSION = YES_AGGRESSIVE;
				CLANG_CXX_LANGUAGE_STANDARD = "gnu++20";
				CLANG_ENABLE_MODULES = YES;
				CLANG_ENABLE_OBJC_ARC = YES;
				CLANG_ENABLE_OBJC_WEAK = YES;
				CLANG_WARN_BLOCK_CAPTURE_AUTORELEASING = YES;
				CLANG_WARN_BOOL_CONVERSION = YES;
				CLANG_WARN_COMMA = YES;
				CLANG_WARN_CONSTANT_CONVERSION = YES;
				CLANG_WARN_DEPRECATED_OBJC_IMPLEMENTATIONS = YES;
				CLANG_WARN_DIRECT_OBJC_ISA_USAGE = YES_ERROR;
				CLANG_WARN_DOCUMENTATION_COMMENTS = YES;
				CLANG_WARN_EMPTY_BODY = YES;
				CLANG_WARN_ENUM_CONVERSION = YES;
				CLANG_WARN_INFINITE_RECURSION = YES;
				CLANG_WARN_INT_CONVERSION = YES;
				CLANG_WARN_NON_LITERAL_NULL_CONVERSION = YES;
				CLANG_WARN_OBJC_IMPLICIT_RETAIN_SELF = YES;
				CLANG_WARN_OBJC_LITERAL_CONVERSION = YES;
				CLANG_WARN_OBJC_ROOT_CLASS = YES_ERROR;
				CLANG_WARN_QUOTED_INCLUDE_IN_FRAMEWORK_HEADER = YES;
				CLANG_WARN_RANGE_LOOP_ANALYSIS = YES;
				CLANG_WARN_STRICT_PROTOTYPES = YES;
				CLANG_WARN_SUSPICIOUS_MOVE = YES;
				CLANG_WARN_UNGUARDED_AVAILABILITY = YES_AGGRESSIVE;
				CLANG_WARN_UNREACHABLE_CODE = YES;
				CLANG_WARN__DUPLICATE_METHOD_MATCH = YES;
				COPY_PHASE_STRIP = NO;
				DEBUG_INFORMATION_FORMAT = "dwarf-with-dsym";
				ENABLE_NS_ASSERTIONS = NO;
				ENABLE_STRICT_OBJC_MSGSEND = YES;
				ENABLE_USER_SCRIPT_SANDBOXING = YES;
				GCC_C_LANGUAGE_STANDARD = gnu17;
				GCC_NO_COMMON_BLOCKS = YES;
				GCC_WARN_64_TO_32_BIT_CONVERSION = YES;
				GCC_WARN_ABOUT_RETURN_TYPE = YES_ERROR;
				GCC_WARN_UNDECLARED_SELECTOR = YES;
				GCC_WARN_UNINITIALIZED_AUTOS = YES_AGGRESSIVE;
				GCC_WARN_UNUSED_FUNCTION = YES;
				GCC_WARN_UNUSED_VARIABLE = YES;
				GENERATE_INFOPLIST_FILE = NO;
				IPHONEOS_DEPLOYMENT_TARGET = 18.1;
				LOCALIZATION_PREFERS_STRING_CATALOGS = YES;
				MTL_ENABLE_DEBUG_INFO = NO;
				MTL_FAST_MATH = YES;
				SDKROOT = iphoneos;
				SWIFT_COMPILATION_MODE = wholemodule;
				VALIDATE_PRODUCT = YES;
			};
			name = Release;
		};
		B3AEA0672FEFCC8500BE7867 /* Debug */ = {
			isa = XCBuildConfiguration;
			buildSettings = {
				ASSETCATALOG_COMPILER_APPICON_NAME = AppIcon;
				ASSETCATALOG_COMPILER_GLOBAL_ACCENT_COLOR_NAME = AccentColor;
				CODE_SIGN_STYLE = Automatic;
				CURRENT_PROJECT_VERSION = 1;
				DEVELOPMENT_ASSET_PATHS = "";
				DEVELOPMENT_TEAM = P59Y75W95P;
				ENABLE_PREVIEWS = YES;
				ENABLE_USER_SCRIPT_SANDBOXING = NO;
				GENERATE_INFOPLIST_FILE = YES;
				INFOPLIST_FILE = "shopify-ecommerce-ios/Info.plist";
				INFOPLIST_KEY_CFBundleDisplayName = Stylish;
				INFOPLIST_KEY_LSApplicationCategoryType = "";
				INFOPLIST_KEY_NSAppleMusicUsageDescription = "This app needs photo library access to upload product images to the AI assistant.";
				INFOPLIST_KEY_NSCameraUsageDescription = "This app needs camera access to take photos of products for the AI assistant.";
				INFOPLIST_KEY_NSMicrophoneUsageDescription = "This app needs microphone access for voice input in the AI assistant.";
				INFOPLIST_KEY_UIApplicationSceneManifest_Generation = YES;
				INFOPLIST_KEY_UIApplicationSupportsIndirectInputEvents = YES;
				INFOPLIST_KEY_UILaunchScreen_Generation = YES;
				INFOPLIST_KEY_UISupportedInterfaceOrientations_iPad = "UIInterfaceOrientationPortrait UIInterfaceOrientationPortraitUpsideDown UIInterfaceOrientationLandscapeLeft UIInterfaceOrientationLandscapeRight";
				INFOPLIST_KEY_UISupportedInterfaceOrientations_iPhone = "UIInterfaceOrientationPortrait UIInterfaceOrientationLandscapeLeft UIInterfaceOrientationLandscapeRight";
				LD_RUNPATH_SEARCH_PATHS = (
					"$(inherited)",
					"@executable_path/Frameworks",
				);
				MARKETING_VERSION = 1.0;
				PRODUCT_BUNDLE_IDENTIFIER = "iti.shopify-ecommerce-ios";
				PRODUCT_NAME = "$(TARGET_NAME)";
				SWIFT_EMIT_LOC_STRINGS = YES;
				SWIFT_VERSION = 5.0;
				TARGETED_DEVICE_FAMILY = "1,2";
			};
			name = Debug;
		};
		B3AEA0682FEFCC8500BE7867 /* Release */ = {
			isa = XCBuildConfiguration;
			buildSettings = {
				ASSETCATALOG_COMPILER_APPICON_NAME = AppIcon;
				ASSETCATALOG_COMPILER_GLOBAL_ACCENT_COLOR_NAME = AccentColor;
				CODE_SIGN_STYLE = Automatic;
				CURRENT_PROJECT_VERSION = 1;
				DEVELOPMENT_ASSET_PATHS = "";
				DEVELOPMENT_TEAM = P59Y75W95P;
				ENABLE_PREVIEWS = YES;
				ENABLE_USER_SCRIPT_SANDBOXING = NO;
				GENERATE_INFOPLIST_FILE = YES;
				INFOPLIST_FILE = "shopify-ecommerce-ios/Info.plist";
				INFOPLIST_KEY_CFBundleDisplayName = Stylish;
				INFOPLIST_KEY_LSApplicationCategoryType = "";
				INFOPLIST_KEY_NSAppleMusicUsageDescription = "This app needs photo library access to upload product images to the AI assistant.";
				INFOPLIST_KEY_NSCameraUsageDescription = "This app needs camera access to take photos of products for the AI assistant.";
				INFOPLIST_KEY_NSMicrophoneUsageDescription = "This app needs microphone access for voice input in the AI assistant.";
				INFOPLIST_KEY_UIApplicationSceneManifest_Generation = YES;
				INFOPLIST_KEY_UIApplicationSupportsIndirectInputEvents = YES;
				INFOPLIST_KEY_UILaunchScreen_Generation = YES;
				INFOPLIST_KEY_UISupportedInterfaceOrientations_iPad = "UIInterfaceOrientationPortrait UIInterfaceOrientationPortraitUpsideDown UIInterfaceOrientationLandscapeLeft UIInterfaceOrientationLandscapeRight";
				INFOPLIST_KEY_UISupportedInterfaceOrientations_iPhone = "UIInterfaceOrientationPortrait UIInterfaceOrientationLandscapeLeft UIInterfaceOrientationLandscapeRight";
				LD_RUNPATH_SEARCH_PATHS = (
					"$(inherited)",
					"@executable_path/Frameworks",
				);
				MARKETING_VERSION = 1.0;
				PRODUCT_BUNDLE_IDENTIFIER = "iti.shopify-ecommerce-ios";
				PRODUCT_NAME = "$(TARGET_NAME)";
				SWIFT_EMIT_LOC_STRINGS = YES;
				SWIFT_VERSION = 5.0;
				TARGETED_DEVICE_FAMILY = "1,2";
			};
			name = Release;
		};
		B3AEA06A2FEFCC8500BE7867 /* Debug */ = {
			isa = XCBuildConfiguration;
			buildSettings = {
				BUNDLE_LOADER = "$(TEST_HOST)";
				CODE_SIGN_STYLE = Automatic;
				CURRENT_PROJECT_VERSION = 1;
				GENERATE_INFOPLIST_FILE = YES;
				IPHONEOS_DEPLOYMENT_TARGET = 18.1;
				MARKETING_VERSION = 1.0;
				PRODUCT_BUNDLE_IDENTIFIER = "iti.shopify-ecommerce-iosTests";
				PRODUCT_NAME = "$(TARGET_NAME)";
				SWIFT_EMIT_LOC_STRINGS = NO;
				SWIFT_VERSION = 5.0;
				TARGETED_DEVICE_FAMILY = "1,2";
				TEST_HOST = "$(BUILT_PRODUCTS_DIR)/shopify-ecommerce-ios.app/$(BUNDLE_EXECUTABLE_FOLDER_PATH)/shopify-ecommerce-ios";
			};
			name = Debug;
		};
		B3AEA06B2FEFCC8500BE7867 /* Release */ = {
			isa = XCBuildConfiguration;
			buildSettings = {
				BUNDLE_LOADER = "$(TEST_HOST)";
				CODE_SIGN_STYLE = Automatic;
				CURRENT_PROJECT_VERSION = 1;
				GENERATE_INFOPLIST_FILE = YES;
				IPHONEOS_DEPLOYMENT_TARGET = 18.1;
				MARKETING_VERSION = 1.0;
				PRODUCT_BUNDLE_IDENTIFIER = "iti.shopify-ecommerce-iosTests";
				PRODUCT_NAME = "$(TARGET_NAME)";
				SWIFT_EMIT_LOC_STRINGS = NO;
				SWIFT_VERSION = 5.0;
				TARGETED_DEVICE_FAMILY = "1,2";
				TEST_HOST = "$(BUILT_PRODUCTS_DIR)/shopify-ecommerce-ios.app/$(BUNDLE_EXECUTABLE_FOLDER_PATH)/shopify-ecommerce-ios";
			};
			name = Release;
		};
		B3AEA06D2FEFCC8500BE7867 /* Debug */ = {
			isa = XCBuildConfiguration;
			buildSettings = {
				CODE_SIGN_STYLE = Automatic;
				CURRENT_PROJECT_VERSION = 1;
				GENERATE_INFOPLIST_FILE = YES;
				MARKETING_VERSION = 1.0;
				PRODUCT_BUNDLE_IDENTIFIER = "iti.shopify-ecommerce-iosUITests";
				PRODUCT_NAME = "$(TARGET_NAME)";
				SWIFT_EMIT_LOC_STRINGS = NO;
				SWIFT_VERSION = 5.0;
				TARGETED_DEVICE_FAMILY = "1,2";
				TEST_TARGET_NAME = "shopify-ecommerce-ios";
			};
			name = Debug;
		};
		B3AEA06E2FEFCC8500BE7867 /* Release */ = {
			isa = XCBuildConfiguration;
			buildSettings = {
				CODE_SIGN_STYLE = Automatic;
				CURRENT_PROJECT_VERSION = 1;
				GENERATE_INFOPLIST_FILE = YES;
				MARKETING_VERSION = 1.0;
				PRODUCT_BUNDLE_IDENTIFIER = "iti.shopify-ecommerce-iosUITests";
				PRODUCT_NAME = "$(TARGET_NAME)";
				SWIFT_EMIT_LOC_STRINGS = NO;
				SWIFT_VERSION = 5.0;
				TARGETED_DEVICE_FAMILY = "1,2";
				TEST_TARGET_NAME = "shopify-ecommerce-ios";
			};
			name = Release;
		};
/* End XCBuildConfiguration section */

/* Begin XCConfigurationList section */
		B3AEA03B2FEFCC8200BE7867 /* Build configuration list for PBXProject "shopify-ecommerce-ios" */ = {
			isa = XCConfigurationList;
			buildConfigurations = (
				B3AEA0642FEFCC8500BE7867 /* Debug */,
				B3AEA0652FEFCC8500BE7867 /* Release */,
			);
			defaultConfigurationIsVisible = 0;
			defaultConfigurationName = Release;
		};
		B3AEA0662FEFCC8500BE7867 /* Build configuration list for PBXNativeTarget "shopify-ecommerce-ios" */ = {
			isa = XCConfigurationList;
			buildConfigurations = (
				B3AEA0672FEFCC8500BE7867 /* Debug */,
				B3AEA0682FEFCC8500BE7867 /* Release */,
			);
			defaultConfigurationIsVisible = 0;
			defaultConfigurationName = Release;
		};
		B3AEA0692FEFCC8500BE7867 /* Build configuration list for PBXNativeTarget "shopify-ecommerce-iosTests" */ = {
			isa = XCConfigurationList;
			buildConfigurations = (
				B3AEA06A2FEFCC8500BE7867 /* Debug */,
				B3AEA06B2FEFCC8500BE7867 /* Release */,
			);
			defaultConfigurationIsVisible = 0;
			defaultConfigurationName = Release;
		};
		B3AEA06C2FEFCC8500BE7867 /* Build configuration list for PBXNativeTarget "shopify-ecommerce-iosUITests" */ = {
			isa = XCConfigurationList;
			buildConfigurations = (
				B3AEA06D2FEFCC8500BE7867 /* Debug */,
				B3AEA06E2FEFCC8500BE7867 /* Release */,
			);
			defaultConfigurationIsVisible = 0;
			defaultConfigurationName = Release;
		};
/* End XCConfigurationList section */

/* Begin XCRemoteSwiftPackageReference section */
		6D6FFBF12FFDCB2900B1D298 /* XCRemoteSwiftPackageReference "GoogleSignIn-iOS" */ = {
			isa = XCRemoteSwiftPackageReference;
			repositoryURL = "https://github.com/google/GoogleSignIn-iOS";
			requirement = {
				kind = upToNextMajorVersion;
				minimumVersion = 9.2.0;
			};
		};
		B361E7FF2FF520190008A453 /* XCRemoteSwiftPackageReference "firebase-ios-sdk" */ = {
			isa = XCRemoteSwiftPackageReference;
			repositoryURL = "https://github.com/firebase/firebase-ios-sdk";
			requirement = {
				kind = exactVersion;
				version = 11.2.0;
			};
		};
		B38B80492FFD9B8700C2B131 /* XCRemoteSwiftPackageReference "generative-ai-swift" */ = {
			isa = XCRemoteSwiftPackageReference;
			repositoryURL = "https://github.com/google/generative-ai-swift.git";
			requirement = {
				kind = upToNextMajorVersion;
				minimumVersion = 0.5.6;
			};
		};
		B3C7A3F92FEFD356004F3F62 /* XCRemoteSwiftPackageReference "Alamofire" */ = {
			isa = XCRemoteSwiftPackageReference;
			repositoryURL = "https://github.com/Alamofire/Alamofire.git";
			requirement = {
				kind = upToNextMajorVersion;
				minimumVersion = 5.12.0;
			};
		};
		B3C7A3FA2FEFD375004F3F62 /* XCRemoteSwiftPackageReference "Kingfisher" */ = {
			isa = XCRemoteSwiftPackageReference;
			repositoryURL = "https://github.com/onevcat/Kingfisher.git";
			requirement = {
				kind = upToNextMajorVersion;
				minimumVersion = 8.10.0;
			};
		};
/* End XCRemoteSwiftPackageReference section */

/* Begin XCSwiftPackageProductDependency section */
		6D6FCC232FF2533100A82A9C /* Kingfisher */ = {
			isa = XCSwiftPackageProductDependency;
			package = B3C7A3FA2FEFD375004F3F62 /* XCRemoteSwiftPackageReference "Kingfisher" */;
			productName = Kingfisher;
		};
		6D6FFBF22FFDCB2900B1D298 /* GoogleSignIn */ = {
			isa = XCSwiftPackageProductDependency;
			package = 6D6FFBF12FFDCB2900B1D298 /* XCRemoteSwiftPackageReference "GoogleSignIn-iOS" */;
			productName = GoogleSignIn;
		};
		6D6FFBF42FFDCB2900B1D298 /* GoogleSignInSwift */ = {
			isa = XCSwiftPackageProductDependency;
			package = 6D6FFBF12FFDCB2900B1D298 /* XCRemoteSwiftPackageReference "GoogleSignIn-iOS" */;
			productName = GoogleSignInSwift;
		};
		9D3861682FF6B4180009D227 /* Alamofire */ = {
			isa = XCSwiftPackageProductDependency;
			package = B3C7A3F92FEFD356004F3F62 /* XCRemoteSwiftPackageReference "Alamofire" */;
			productName = Alamofire;
		};
		B361E8012FF520990008A453 /* FirebaseAnalytics */ = {
			isa = XCSwiftPackageProductDependency;
			package = B361E7FF2FF520190008A453 /* XCRemoteSwiftPackageReference "firebase-ios-sdk" */;
			productName = FirebaseAnalytics;
		};
		B361E8032FF520A20008A453 /* FirebaseAuth */ = {
			isa = XCSwiftPackageProductDependency;
			package = B361E7FF2FF520190008A453 /* XCRemoteSwiftPackageReference "firebase-ios-sdk" */;
			productName = FirebaseAuth;
		};
		B38B80602FFD9D5400C2B131 /* GoogleGenerativeAI */ = {
			isa = XCSwiftPackageProductDependency;
			package = B38B80492FFD9B8700C2B131 /* XCRemoteSwiftPackageReference "generative-ai-swift" */;
			productName = GoogleGenerativeAI;
		};
/* End XCSwiftPackageProductDependency section */
	};
	rootObject = B3AEA0382FEFCC8200BE7867 /* Project object */;
}
